
Microsoft Visual Studio Solution File, Format Version 12.00
# Visual Studio Version 17
VisualStudioVersion = 17.8.34309.116
MinimumVisualStudioVersion = 10.0.40219.1
Project("{FAE04EC0-301F-11D3-BF4B-00C04F79EFBC}") = "ArrayList_vs_List_Add_Elements", "ArrayList_vs_List_Add_Elements\ArrayList_vs_List_Add_Elements.csproj", "{7FA60214-D5ED-4282-BC16-174EA98E98D4}"
EndProject
Global
	GlobalSection(SolutionConfigurationPlatforms) = preSolution
		Debug|Any CPU = Debug|Any CPU
		Release|Any CPU = Release|Any CPU
	EndGlobalSection
	GlobalSection(ProjectConfigurationPlatforms) = postSolution
		{7FA60214-D5ED-4282-BC16-174EA98E98D4}.Debug|Any CPU.ActiveCfg = Debug|Any CPU
		{7FA60214-D5ED-4282-BC16-174EA98E98D4}.Debug|Any CPU.Build.0 = Debug|Any CPU
		{7FA60214-D5ED-4282-BC16-174EA98E98D4}.Release|Any CPU.ActiveCfg = Release|Any CPU
		{7FA60214-D5ED-4282-BC16-174EA98E98D4}.Release|Any CPU.Build.0 = Release|Any CPU
	EndGlobalSection
	GlobalSection(SolutionProperties) = preSolution
		HideSolutionNode = FALSE
	EndGlobalSection
	GlobalSection(ExtensibilityGlobals) = postSolution
		SolutionGuid = {06FED18A-0FEA-4972-8E57-560410A9FF75}
	EndGlobalSection
EndGlobal
