
Microsoft Visual Studio Solution File, Format Version 12.00
# Visual Studio Version 17
VisualStudioVersion = 17.8.34309.116
MinimumVisualStudioVersion = 10.0.40219.1
Project("{FAE04EC0-301F-11D3-BF4B-00C04F79EFBC}") = "MinimalAPI", "MinimalAPI\MinimalAPI.csproj", "{F142C843-3665-4987-BE01-1BB0C9BC4AE1}"
EndProject
Global
	GlobalSection(SolutionConfigurationPlatforms) = preSolution
		Debug|Any CPU = Debug|Any CPU
		Release|Any CPU = Release|Any CPU
	EndGlobalSection
	GlobalSection(ProjectConfigurationPlatforms) = postSolution
		{F142C843-3665-4987-BE01-1BB0C9BC4AE1}.Debug|Any CPU.ActiveCfg = Debug|Any CPU
		{F142C843-3665-4987-BE01-1BB0C9BC4AE1}.Debug|Any CPU.Build.0 = Debug|Any CPU
		{F142C843-3665-4987-BE01-1BB0C9BC4AE1}.Release|Any CPU.ActiveCfg = Release|Any CPU
		{F142C843-3665-4987-BE01-1BB0C9BC4AE1}.Release|Any CPU.Build.0 = Release|Any CPU
	EndGlobalSection
	GlobalSection(SolutionProperties) = preSolution
		HideSolutionNode = FALSE
	EndGlobalSection
	GlobalSection(ExtensibilityGlobals) = postSolution
		SolutionGuid = {2388B845-46CB-4DDC-B627-4552A0F31E7E}
	EndGlobalSection
EndGlobal
