
Microsoft Visual Studio Solution File, Format Version 12.00
# Visual Studio Version 17
VisualStudioVersion = 17.10.35013.160
MinimumVisualStudioVersion = 10.0.40219.1
Project("{FAE04EC0-301F-11D3-BF4B-00C04F79EFBC}") = "NuGetDemo", "NuGetDemo\NuGetDemo.csproj", "{8DC374E6-2038-4BC9-93A0-421A9203CBF9}"
EndProject
Project("{FAE04EC0-301F-11D3-BF4B-00C04F79EFBC}") = "NuGetDemo.Tests", "NuGetDemo.Tests\NuGetDemo.Tests.csproj", "{1889B03E-AC28-4A28-942E-41D00550ECBA}"
EndProject
Global
	GlobalSection(SolutionConfigurationPlatforms) = preSolution
		Debug|Any CPU = Debug|Any CPU
		Release|Any CPU = Release|Any CPU
	EndGlobalSection
	GlobalSection(ProjectConfigurationPlatforms) = postSolution
		{8DC374E6-2038-4BC9-93A0-421A9203CBF9}.Debug|Any CPU.ActiveCfg = Debug|Any CPU
		{8DC374E6-2038-4BC9-93A0-421A9203CBF9}.Debug|Any CPU.Build.0 = Debug|Any CPU
		{8DC374E6-2038-4BC9-93A0-421A9203CBF9}.Release|Any CPU.ActiveCfg = Release|Any CPU
		{8DC374E6-2038-4BC9-93A0-421A9203CBF9}.Release|Any CPU.Build.0 = Release|Any CPU
		{1889B03E-AC28-4A28-942E-41D00550ECBA}.Debug|Any CPU.ActiveCfg = Debug|Any CPU
		{1889B03E-AC28-4A28-942E-41D00550ECBA}.Debug|Any CPU.Build.0 = Debug|Any CPU
		{1889B03E-AC28-4A28-942E-41D00550ECBA}.Release|Any CPU.ActiveCfg = Release|Any CPU
		{1889B03E-AC28-4A28-942E-41D00550ECBA}.Release|Any CPU.Build.0 = Release|Any CPU
	EndGlobalSection
	GlobalSection(SolutionProperties) = preSolution
		HideSolutionNode = FALSE
	EndGlobalSection
	GlobalSection(ExtensibilityGlobals) = postSolution
		SolutionGuid = {21C10D7B-2C12-4802-954F-B96370E36694}
	EndGlobalSection
EndGlobal
