Microsoft Visual Studio Solution File, Format Version 12.00
# Visual Studio Version 17
VisualStudioVersion = 17.9.34622.214
MinimumVisualStudioVersion = 10.0.40219.1
Project("{9A19103F-16F7-4668-BE54-9A1E7A4F7556}") = "MCPServer.CSharp", "MCPServer.CSharp.csproj", "{71D9B294-1C70-487E-AF99-3ACF4C0A5FF0}"
EndProject
Global
	GlobalSection(SolutionConfigurationPlatforms) = preSolution
		Debug|Any CPU = Debug|Any CPU
		Release|Any CPU = Release|Any CPU
	EndGlobalSection
	GlobalSection(ProjectConfigurationPlatforms) = postSolution
		{71D9B294-1C70-487E-AF99-3ACF4C0A5FF0}.Debug|Any CPU.ActiveCfg = Debug|Any CPU
		{71D9B294-1C70-487E-AF99-3ACF4C0A5FF0}.Debug|Any CPU.Build.0 = Debug|Any CPU
		{71D9B294-1C70-487E-AF99-3ACF4C0A5FF0}.Release|Any CPU.ActiveCfg = Release|Any CPU
		{71D9B294-1C70-487E-AF99-3ACF4C0A5FF0}.Release|Any CPU.Build.0 = Release|Any CPU
	EndGlobalSection
	GlobalSection(SolutionProperties) = preSolution
		HideSolutionNode = FALSE
	EndGlobalSection
	GlobalSection(ExtensibilityGlobals) = postSolution
		SolutionGuid = {2E3B7276-9EE8-4DB7-882A-94AB06EA20EF}
	EndGlobalSection
EndGlobal
