
Microsoft Visual Studio Solution File, Format Version 12.00
# Visual Studio Version 17
VisualStudioVersion = 17.8.34309.116
MinimumVisualStudioVersion = 10.0.40219.1
Project("{FAE04EC0-301F-11D3-BF4B-00C04F79EFBC}") = "OpenAPIExample", "OpenAPIExample\OpenAPIExample.csproj", "{4699D836-82B1-44BE-AC62-B9A4F7AA8EDA}"
EndProject
Global
	GlobalSection(SolutionConfigurationPlatforms) = preSolution
		Debug|Any CPU = Debug|Any CPU
		Release|Any CPU = Release|Any CPU
	EndGlobalSection
	GlobalSection(ProjectConfigurationPlatforms) = postSolution
		{4699D836-82B1-44BE-AC62-B9A4F7AA8EDA}.Debug|Any CPU.ActiveCfg = Debug|Any CPU
		{4699D836-82B1-44BE-AC62-B9A4F7AA8EDA}.Debug|Any CPU.Build.0 = Debug|Any CPU
		{4699D836-82B1-44BE-AC62-B9A4F7AA8EDA}.Release|Any CPU.ActiveCfg = Release|Any CPU
		{4699D836-82B1-44BE-AC62-B9A4F7AA8EDA}.Release|Any CPU.Build.0 = Release|Any CPU
	EndGlobalSection
	GlobalSection(SolutionProperties) = preSolution
		HideSolutionNode = FALSE
	EndGlobalSection
	GlobalSection(ExtensibilityGlobals) = postSolution
		SolutionGuid = {32A059A8-DD17-473A-B5AE-DD13B1BC5C12}
	EndGlobalSection
EndGlobal
