
Microsoft Visual Studio Solution File, Format Version 12.00
# Visual Studio Version 17
VisualStudioVersion = 17.8.34309.116
MinimumVisualStudioVersion = 10.0.40219.1
Project("{FAE04EC0-301F-11D3-BF4B-00C04F79EFBC}") = "EFCoreVsDapperDemo", "EFCoreVsDapperDemo\EFCoreVsDapperDemo.csproj", "{44C1D26C-50FD-47BA-8387-BE30ED654A1A}"
EndProject
Global
	GlobalSection(SolutionConfigurationPlatforms) = preSolution
		Debug|Any CPU = Debug|Any CPU
		Release|Any CPU = Release|Any CPU
	EndGlobalSection
	GlobalSection(ProjectConfigurationPlatforms) = postSolution
		{44C1D26C-50FD-47BA-8387-BE30ED654A1A}.Debug|Any CPU.ActiveCfg = Debug|Any CPU
		{44C1D26C-50FD-47BA-8387-BE30ED654A1A}.Debug|Any CPU.Build.0 = Debug|Any CPU
		{44C1D26C-50FD-47BA-8387-BE30ED654A1A}.Release|Any CPU.ActiveCfg = Release|Any CPU
		{44C1D26C-50FD-47BA-8387-BE30ED654A1A}.Release|Any CPU.Build.0 = Release|Any CPU
	EndGlobalSection
	GlobalSection(SolutionProperties) = preSolution
		HideSolutionNode = FALSE
	EndGlobalSection
	GlobalSection(ExtensibilityGlobals) = postSolution
		SolutionGuid = {AEFB5623-3EF9-4B72-90A4-2FDFE4F9E3AC}
	EndGlobalSection
EndGlobal
