
Microsoft Visual Studio Solution File, Format Version 12.00
# Visual Studio Version 17
VisualStudioVersion = 17.8.34309.116
MinimumVisualStudioVersion = 10.0.40219.1
Project("{FAE04EC0-301F-11D3-BF4B-00C04F79EFBC}") = "CouchbaseMobileExample", "CouchbaseMobileExample\CouchbaseMobileExample.csproj", "{1C2424C7-222A-426B-8954-A95F865C6677}"
EndProject
Global
	GlobalSection(SolutionConfigurationPlatforms) = preSolution
		Debug|Any CPU = Debug|Any CPU
		Release|Any CPU = Release|Any CPU
	EndGlobalSection
	GlobalSection(ProjectConfigurationPlatforms) = postSolution
		{1C2424C7-222A-426B-8954-A95F865C6677}.Debug|Any CPU.ActiveCfg = Debug|Any CPU
		{1C2424C7-222A-426B-8954-A95F865C6677}.Debug|Any CPU.Build.0 = Debug|Any CPU
		{1C2424C7-222A-426B-8954-A95F865C6677}.Release|Any CPU.ActiveCfg = Release|Any CPU
		{1C2424C7-222A-426B-8954-A95F865C6677}.Release|Any CPU.Build.0 = Release|Any CPU
	EndGlobalSection
	GlobalSection(SolutionProperties) = preSolution
		HideSolutionNode = FALSE
	EndGlobalSection
	GlobalSection(ExtensibilityGlobals) = postSolution
		SolutionGuid = {7528E84D-4152-416B-A2CB-4DD5E69212EF}
	EndGlobalSection
EndGlobal
