
Microsoft Visual Studio Solution File, Format Version 12.00
# Visual Studio Version 17
VisualStudioVersion = 17.8.34309.116
MinimumVisualStudioVersion = 10.0.40219.1
Project("{9A19103F-16F7-4668-BE54-9A1E7A4F7556}") = "143_Server_Sent_Events_DotNetCore", "143_Server_Sent_Events_DotNetCore.csproj", "{1DCE8EEB-4706-4258-9924-FD1105CAECFB}"
EndProject
Global
	GlobalSection(SolutionConfigurationPlatforms) = preSolution
		Debug|Any CPU = Debug|Any CPU
		Release|Any CPU = Release|Any CPU
	EndGlobalSection
	GlobalSection(ProjectConfigurationPlatforms) = postSolution
		{1DCE8EEB-4706-4258-9924-FD1105CAECFB}.Debug|Any CPU.ActiveCfg = Debug|Any CPU
		{1DCE8EEB-4706-4258-9924-FD1105CAECFB}.Debug|Any CPU.Build.0 = Debug|Any CPU
		{1DCE8EEB-4706-4258-9924-FD1105CAECFB}.Release|Any CPU.ActiveCfg = Release|Any CPU
		{1DCE8EEB-4706-4258-9924-FD1105CAECFB}.Release|Any CPU.Build.0 = Release|Any CPU
	EndGlobalSection
	GlobalSection(SolutionProperties) = preSolution
		HideSolutionNode = FALSE
	EndGlobalSection
	GlobalSection(ExtensibilityGlobals) = postSolution
		SolutionGuid = {679A0735-BE55-4736-A0EA-5A7120DB3FBF}
	EndGlobalSection
EndGlobal
