
Microsoft Visual Studio Solution File, Format Version 12.00
# Visual Studio Version 17
VisualStudioVersion = 17.10.35013.160
MinimumVisualStudioVersion = 10.0.40219.1
Project("{9A19103F-16F7-4668-BE54-9A1E7A4F7556}") = "HybridCacheDemo", "HybridCacheDemo.csproj", "{AD3422B5-BB9C-4642-9A9E-A28B2B79827B}"
EndProject
Global
	GlobalSection(SolutionConfigurationPlatforms) = preSolution
		Debug|Any CPU = Debug|Any CPU
		Release|Any CPU = Release|Any CPU
	EndGlobalSection
	GlobalSection(ProjectConfigurationPlatforms) = postSolution
		{AD3422B5-BB9C-4642-9A9E-A28B2B79827B}.Debug|Any CPU.ActiveCfg = Debug|Any CPU
		{AD3422B5-BB9C-4642-9A9E-A28B2B79827B}.Debug|Any CPU.Build.0 = Debug|Any CPU
		{AD3422B5-BB9C-4642-9A9E-A28B2B79827B}.Release|Any CPU.ActiveCfg = Release|Any CPU
		{AD3422B5-BB9C-4642-9A9E-A28B2B79827B}.Release|Any CPU.Build.0 = Release|Any CPU
	EndGlobalSection
	GlobalSection(SolutionProperties) = preSolution
		HideSolutionNode = FALSE
	EndGlobalSection
	GlobalSection(ExtensibilityGlobals) = postSolution
		SolutionGuid = {A01D4882-8683-4D2C-AA03-44E94A3C9A3A}
	EndGlobalSection
EndGlobal
