
Microsoft Visual Studio Solution File, Format Version 12.00
# Visual Studio Version 17
VisualStudioVersion = 17.8.34309.116
MinimumVisualStudioVersion = 10.0.40219.1
Project("{FAE04EC0-301F-11D3-BF4B-00C04F79EFBC}") = "CouchbaseLiteExample", "CouchbaseLiteExample\CouchbaseLiteExample.csproj", "{7496A07C-1E4F-42DF-B039-FF62F45B2A81}"
EndProject
Global
	GlobalSection(SolutionConfigurationPlatforms) = preSolution
		Debug|Any CPU = Debug|Any CPU
		Release|Any CPU = Release|Any CPU
	EndGlobalSection
	GlobalSection(ProjectConfigurationPlatforms) = postSolution
		{7496A07C-1E4F-42DF-B039-FF62F45B2A81}.Debug|Any CPU.ActiveCfg = Debug|Any CPU
		{7496A07C-1E4F-42DF-B039-FF62F45B2A81}.Debug|Any CPU.Build.0 = Debug|Any CPU
		{7496A07C-1E4F-42DF-B039-FF62F45B2A81}.Release|Any CPU.ActiveCfg = Release|Any CPU
		{7496A07C-1E4F-42DF-B039-FF62F45B2A81}.Release|Any CPU.Build.0 = Release|Any CPU
	EndGlobalSection
	GlobalSection(SolutionProperties) = preSolution
		HideSolutionNode = FALSE
	EndGlobalSection
	GlobalSection(ExtensibilityGlobals) = postSolution
		SolutionGuid = {DE704A49-FB48-4007-BDEB-45C37AB26D1F}
	EndGlobalSection
EndGlobal
